
Microsoft Visual Studio Solution File, Format Version 12.00
# Visual Studio Version 16
VisualStudioVersion = 16.0.28922.388
MinimumVisualStudioVersion = 10.0.40219.1
Project("{FAE04EC0-301F-11D3-BF4B-00C04F79EFBC}") = "CarInsuranceMvc", "CarInsuranceMvc\CarInsuranceMvc.csproj", "{BB7BDD2C-E063-4C04-95E0-4193935B54E2}"
EndProject
Global
	GlobalSection(SolutionConfigurationPlatforms) = preSolution
		Debug|Any CPU = Debug|Any CPU
		Release|Any CPU = Release|Any CPU
	EndGlobalSection
	GlobalSection(ProjectConfigurationPlatforms) = postSolution
		{BB7BDD2C-E063-4C04-95E0-4193935B54E2}.Debug|Any CPU.ActiveCfg = Debug|Any CPU
		{BB7BDD2C-E063-4C04-95E0-4193935B54E2}.Debug|Any CPU.Build.0 = Debug|Any CPU
		{BB7BDD2C-E063-4C04-95E0-4193935B54E2}.Release|Any CPU.ActiveCfg = Release|Any CPU
		{BB7BDD2C-E063-4C04-95E0-4193935B54E2}.Release|Any CPU.Build.0 = Release|Any CPU
	EndGlobalSection
	GlobalSection(SolutionProperties) = preSolution
		HideSolutionNode = FALSE
	EndGlobalSection
	GlobalSection(ExtensibilityGlobals) = postSolution
		SolutionGuid = {A2D0C249-20F5-4302-B0A2-AFB27C62800C}
	EndGlobalSection
EndGlobal
